
Microsoft Visual Studio Solution File, Format Version 12.00
# Visual Studio 15
VisualStudioVersion = 15.0.26124.0
MinimumVisualStudioVersion = 15.0.26124.0
Project("{9A19103F-16F7-4668-BE54-9A1E7A4F7556}") = "R5T.Rochester.Construction", "R5T.Rochester.Construction\R5T.Rochester.Construction.csproj", "{83BEC39B-4A1B-4794-9F9D-A298402A6E44}"
EndProject
Project("{9A19103F-16F7-4668-BE54-9A1E7A4F7556}") = "R5T.Rochester", "R5T.Rochester\R5T.Rochester.csproj", "{5F92EB5D-EFE6-42C5-BBAF-54F11F93D9CA}"
EndProject
Project("{2150E333-8FDC-42A3-9474-1A3956D46DE8}") = "_Dependencies", "_Dependencies", "{A0213522-B88D-4A29-8F1E-46938EB51085}"
EndProject
Project("{9A19103F-16F7-4668-BE54-9A1E7A4F7556}") = "R5T.Magyar", "..\..\R5T.Magyar\source\R5T.Magyar\R5T.Magyar.csproj", "{569492EF-7B5D-4D5F-B2B7-F5C3675454AA}"
EndProject
Global
	GlobalSection(SolutionConfigurationPlatforms) = preSolution
		Debug|Any CPU = Debug|Any CPU
		Debug|x64 = Debug|x64
		Debug|x86 = Debug|x86
		Release|Any CPU = Release|Any CPU
		Release|x64 = Release|x64
		Release|x86 = Release|x86
	EndGlobalSection
	GlobalSection(ProjectConfigurationPlatforms) = postSolution
		{83BEC39B-4A1B-4794-9F9D-A298402A6E44}.Debug|Any CPU.ActiveCfg = Debug|Any CPU
		{83BEC39B-4A1B-4794-9F9D-A298402A6E44}.Debug|Any CPU.Build.0 = Debug|Any CPU
		{83BEC39B-4A1B-4794-9F9D-A298402A6E44}.Debug|x64.ActiveCfg = Debug|Any CPU
		{83BEC39B-4A1B-4794-9F9D-A298402A6E44}.Debug|x64.Build.0 = Debug|Any CPU
		{83BEC39B-4A1B-4794-9F9D-A298402A6E44}.Debug|x86.ActiveCfg = Debug|Any CPU
		{83BEC39B-4A1B-4794-9F9D-A298402A6E44}.Debug|x86.Build.0 = Debug|Any CPU
		{83BEC39B-4A1B-4794-9F9D-A298402A6E44}.Release|Any CPU.ActiveCfg = Release|Any CPU
		{83BEC39B-4A1B-4794-9F9D-A298402A6E44}.Release|Any CPU.Build.0 = Release|Any CPU
		{83BEC39B-4A1B-4794-9F9D-A298402A6E44}.Release|x64.ActiveCfg = Release|Any CPU
		{83BEC39B-4A1B-4794-9F9D-A298402A6E44}.Release|x64.Build.0 = Release|Any CPU
		{83BEC39B-4A1B-4794-9F9D-A298402A6E44}.Release|x86.ActiveCfg = Release|Any CPU
		{83BEC39B-4A1B-4794-9F9D-A298402A6E44}.Release|x86.Build.0 = Release|Any CPU
		{5F92EB5D-EFE6-42C5-BBAF-54F11F93D9CA}.Debug|Any CPU.ActiveCfg = Debug|Any CPU
		{5F92EB5D-EFE6-42C5-BBAF-54F11F93D9CA}.Debug|Any CPU.Build.0 = Debug|Any CPU
		{5F92EB5D-EFE6-42C5-BBAF-54F11F93D9CA}.Debug|x64.ActiveCfg = Debug|Any CPU
		{5F92EB5D-EFE6-42C5-BBAF-54F11F93D9CA}.Debug|x64.Build.0 = Debug|Any CPU
		{5F92EB5D-EFE6-42C5-BBAF-54F11F93D9CA}.Debug|x86.ActiveCfg = Debug|Any CPU
		{5F92EB5D-EFE6-42C5-BBAF-54F11F93D9CA}.Debug|x86.Build.0 = Debug|Any CPU
		{5F92EB5D-EFE6-42C5-BBAF-54F11F93D9CA}.Release|Any CPU.ActiveCfg = Release|Any CPU
		{5F92EB5D-EFE6-42C5-BBAF-54F11F93D9CA}.Release|Any CPU.Build.0 = Release|Any CPU
		{5F92EB5D-EFE6-42C5-BBAF-54F11F93D9CA}.Release|x64.ActiveCfg = Release|Any CPU
		{5F92EB5D-EFE6-42C5-BBAF-54F11F93D9CA}.Release|x64.Build.0 = Release|Any CPU
		{5F92EB5D-EFE6-42C5-BBAF-54F11F93D9CA}.Release|x86.ActiveCfg = Release|Any CPU
		{5F92EB5D-EFE6-42C5-BBAF-54F11F93D9CA}.Release|x86.Build.0 = Release|Any CPU
		{569492EF-7B5D-4D5F-B2B7-F5C3675454AA}.Debug|Any CPU.ActiveCfg = Debug|Any CPU
		{569492EF-7B5D-4D5F-B2B7-F5C3675454AA}.Debug|Any CPU.Build.0 = Debug|Any CPU
		{569492EF-7B5D-4D5F-B2B7-F5C3675454AA}.Debug|x64.ActiveCfg = Debug|Any CPU
		{569492EF-7B5D-4D5F-B2B7-F5C3675454AA}.Debug|x64.Build.0 = Debug|Any CPU
		{569492EF-7B5D-4D5F-B2B7-F5C3675454AA}.Debug|x86.ActiveCfg = Debug|Any CPU
		{569492EF-7B5D-4D5F-B2B7-F5C3675454AA}.Debug|x86.Build.0 = Debug|Any CPU
		{569492EF-7B5D-4D5F-B2B7-F5C3675454AA}.Release|Any CPU.ActiveCfg = Release|Any CPU
		{569492EF-7B5D-4D5F-B2B7-F5C3675454AA}.Release|Any CPU.Build.0 = Release|Any CPU
		{569492EF-7B5D-4D5F-B2B7-F5C3675454AA}.Release|x64.ActiveCfg = Release|Any CPU
		{569492EF-7B5D-4D5F-B2B7-F5C3675454AA}.Release|x64.Build.0 = Release|Any CPU
		{569492EF-7B5D-4D5F-B2B7-F5C3675454AA}.Release|x86.ActiveCfg = Release|Any CPU
		{569492EF-7B5D-4D5F-B2B7-F5C3675454AA}.Release|x86.Build.0 = Release|Any CPU
	EndGlobalSection
	GlobalSection(SolutionProperties) = preSolution
		HideSolutionNode = FALSE
	EndGlobalSection
	GlobalSection(NestedProjects) = preSolution
		{569492EF-7B5D-4D5F-B2B7-F5C3675454AA} = {A0213522-B88D-4A29-8F1E-46938EB51085}
	EndGlobalSection
	GlobalSection(ExtensibilityGlobals) = postSolution
		SolutionGuid = {DCC6ABC1-B448-4B8A-9FEC-E23CD893383D}
	EndGlobalSection
EndGlobal
